
Microsoft Visual Studio Solution File, Format Version 12.00
# Visual Studio Version 17
VisualStudioVersion = 17.10.34916.146
MinimumVisualStudioVersion = 10.0.40219.1
Project("{FAE04EC0-301F-11D3-BF4B-00C04F79EFBC}") = "SistemaWeb", "SistemaWeb\SistemaWeb.csproj", "{F1292E64-5C55-437B-B916-B09201138B5A}"
EndProject
Global
	GlobalSection(SolutionConfigurationPlatforms) = preSolution
		Debug|Any CPU = Debug|Any CPU
		Release|Any CPU = Release|Any CPU
	EndGlobalSection
	GlobalSection(ProjectConfigurationPlatforms) = postSolution
		{F1292E64-5C55-437B-B916-B09201138B5A}.Debug|Any CPU.ActiveCfg = Debug|Any CPU
		{F1292E64-5C55-437B-B916-B09201138B5A}.Debug|Any CPU.Build.0 = Debug|Any CPU
		{F1292E64-5C55-437B-B916-B09201138B5A}.Release|Any CPU.ActiveCfg = Release|Any CPU
		{F1292E64-5C55-437B-B916-B09201138B5A}.Release|Any CPU.Build.0 = Release|Any CPU
	EndGlobalSection
	GlobalSection(SolutionProperties) = preSolution
		HideSolutionNode = FALSE
	EndGlobalSection
	GlobalSection(ExtensibilityGlobals) = postSolution
		SolutionGuid = {E14B568E-A5AA-4385-B107-6B870A2013A2}
	EndGlobalSection
EndGlobal
